h5py==3.14.0 --hash=sha256:bf4897d67e613ecf5bdfbdab39a1158a64df105827da70ea1d90243d796d367f
numpy==2.2.6 --hash=sha256:c1f9540be57940698ed329904db803cf7a402f3fc200bfe599334c9bd84a40b2
scipy==1.15.3 --hash=sha256:52092bc0472cfd17df49ff17e70624345efece4e1a12b23783a1ac59a1b728ed
setuptools==80.9.0 --hash=sha256:062d34222ad13e0cc312a4c02d73f059e86a4acbfbdea8f8f76b28c99f306922
