<Solution>
  <Project Path="src/Elf.Protocol/Elf.Protocol.csproj" />
  <Project Path="src/Elf.Core/Elf.Core.csproj" />
  <Project Path="src/Elf.Recording/Elf.Recording.csproj" />
  <Project Path="src/Elf.Acquisition/Elf.Acquisition.csproj" />
  <Project Path="src/Elf.Host/Elf.Host.csproj" />
  <Project Path="src/Elf.Desktop/Elf.Desktop.csproj" />
  <Project Path="src/Elf.Simulator/Elf.Simulator.csproj" />
  <Project Path="tests/Elf.Contracts.Tests/Elf.Contracts.Tests.csproj" />
  <Project Path="tests/Elf.Integration.Tests/Elf.Integration.Tests.csproj" />
</Solution>
