{
  "version": 1,
  "dependencies": {
    "net10.0": {
      "elf.acquisition": {
        "type": "Project",
        "dependencies": {
          "Elf.Core": "[1.0.0, )",
          "Elf.Protocol": "[1.0.0, )",
          "Elf.Recording": "[1.0.0, )"
        }
      },
      "elf.core": {
        "type": "Project",
        "dependencies": {
          "Elf.Protocol": "[1.0.0, )"
        }
      },
      "elf.protocol": {
        "type": "Project"
      },
      "elf.recording": {
        "type": "Project",
        "dependencies": {
          "Elf.Protocol": "[1.0.0, )"
        }
      }
    }
  }
}